
Microsoft Visual Studio Solution File, Format Version 12.00
# Visual Studio 15
VisualStudioVersion = 15.0.27428.2002
MinimumVisualStudioVersion = 10.0.40219.1
Project("{FAE04EC0-301F-11D3-BF4B-00C04F79EFBC}") = "WcfAukcija", "WcfAukcija\WcfAukcija.csproj", "{794E0B3B-CDE2-42F8-99F8-7CFA0924FAE1}"
EndProject
Project("{FAE04EC0-301F-11D3-BF4B-00C04F79EFBC}") = "Client", "Client\Client.csproj", "{9BAA3E6D-805B-4CE7-8463-C379B53A39B1}"
	ProjectSection(ProjectDependencies) = postProject
		{794E0B3B-CDE2-42F8-99F8-7CFA0924FAE1} = {794E0B3B-CDE2-42F8-99F8-7CFA0924FAE1}
	EndProjectSection
EndProject
Global
	GlobalSection(SolutionConfigurationPlatforms) = preSolution
		Debug|Any CPU = Debug|Any CPU
		Release|Any CPU = Release|Any CPU
	EndGlobalSection
	GlobalSection(ProjectConfigurationPlatforms) = postSolution
		{794E0B3B-CDE2-42F8-99F8-7CFA0924FAE1}.Debug|Any CPU.ActiveCfg = Debug|Any CPU
		{794E0B3B-CDE2-42F8-99F8-7CFA0924FAE1}.Debug|Any CPU.Build.0 = Debug|Any CPU
		{794E0B3B-CDE2-42F8-99F8-7CFA0924FAE1}.Release|Any CPU.ActiveCfg = Release|Any CPU
		{794E0B3B-CDE2-42F8-99F8-7CFA0924FAE1}.Release|Any CPU.Build.0 = Release|Any CPU
		{9BAA3E6D-805B-4CE7-8463-C379B53A39B1}.Debug|Any CPU.ActiveCfg = Debug|Any CPU
		{9BAA3E6D-805B-4CE7-8463-C379B53A39B1}.Debug|Any CPU.Build.0 = Debug|Any CPU
		{9BAA3E6D-805B-4CE7-8463-C379B53A39B1}.Release|Any CPU.ActiveCfg = Release|Any CPU
		{9BAA3E6D-805B-4CE7-8463-C379B53A39B1}.Release|Any CPU.Build.0 = Release|Any CPU
	EndGlobalSection
	GlobalSection(SolutionProperties) = preSolution
		HideSolutionNode = FALSE
	EndGlobalSection
	GlobalSection(ExtensibilityGlobals) = postSolution
		SolutionGuid = {08E98EC9-0CD1-411C-B61F-ED3418245836}
	EndGlobalSection
EndGlobal
